// !$*UTF8*$!
{
	archiveVersion = 1;
	classes = {
	};
	objectVersion = 56;
	objects = {

/* Begin PBXBuildFile section */
		AF64DDB12A6D34CD00A014D8 /* AppDelegate.swift in Sources */ = {isa = PBXBuildFile; fileRef = AF64DDB02A6D34CD00A014D8 /* AppDelegate.swift */; };
		AF64DDB32A6D34CD00A014D8 /* SceneDelegate.swift in Sources */ = {isa = PBXBuildFile; fileRef = AF64DDB22A6D34CD00A014D8 /* SceneDelegate.swift */; };
		AF64DDB52A6D34CD00A014D8 /* ViewController.swift in Sources */ = {isa = PBXBuildFile; fileRef = AF64DDB42A6D34CD00A014D8 /* ViewController.swift */; };
		AF64DDB82A6D34CD00A014D8 /* Main.storyboard in Resources */ = {isa = PBXBuildFile; fileRef = AF64DDB62A6D34CD00A014D8 /* Main.storyboard */; };
		AF64DDBA2A6D34CF00A014D8 /* Assets.xcassets in Resources */ = {isa = PBXBuildFile; fileRef = AF64DDB92A6D34CF00A014D8 /* Assets.xcassets */; };
		AF64DDBD2A6D34CF00A014D8 /* LaunchScreen.storyboard in Resources */ = {isa = PBXBuildFile; fileRef = AF64DDBB2A6D34CF00A014D8 /* LaunchScreen.storyboard */; };
		AF64DDC72A6E4C3500A014D8 /* bell.mp3 in Resources */ = {isa = PBXBuildFile; fileRef = AF64DDC52A6E4C3500A014D8 /* bell.mp3 */; };
		AF64DDCD2A6E759D00A014D8 /* muyu.mp3 in Resources */ = {isa = PBXBuildFile; fileRef = AF64DDCC2A6E759D00A014D8 /* muyu.mp3 */; };
/* End PBXBuildFile section */

/* Begin PBXFileReference section */
		AF64DDAD2A6D34CD00A014D8 /* White Noise.app */ = {isa = PBXFileReference; explicitFileType = wrapper.application; includeInIndex = 0; path = "White Noise.app"; sourceTree = BUILT_PRODUCTS_DIR; };
		AF64DDB02A6D34CD00A014D8 /* AppDelegate.swift */ = {isa = PBXFileReference; lastKnownFileType = sourcecode.swift; path = AppDelegate.swift; sourceTree = "<group>"; };
		AF64DDB22A6D34CD00A014D8 /* SceneDelegate.swift */ = {isa = PBXFileReference; lastKnownFileType = sourcecode.swift; path = SceneDelegate.swift; sourceTree = "<group>"; };
		AF64DDB42A6D34CD00A014D8 /* ViewController.swift */ = {isa = PBXFileReference; lastKnownFileType = sourcecode.swift; path = ViewController.swift; sourceTree = "<group>"; };
		AF64DDB72A6D34CD00A014D8 /* Base */ = {isa = PBXFileReference; lastKnownFileType = file.storyboard; name = Base; path = Base.lproj/Main.storyboard; sourceTree = "<group>"; };
		AF64DDB92A6D34CF00A014D8 /* Assets.xcassets */ = {isa = PBXFileReference; lastKnownFileType = folder.assetcatalog; path = Assets.xcassets; sourceTree = "<group>"; };
		AF64DDBC2A6D34CF00A014D8 /* Base */ = {isa = PBXFileReference; lastKnownFileType = file.storyboard; name = Base; path = Base.lproj/LaunchScreen.storyboard; sourceTree = "<group>"; };
		AF64DDBE2A6D34CF00A014D8 /* Info.plist */ = {isa = PBXFileReference; lastKnownFileType = text.plist.xml; path = Info.plist; sourceTree = "<group>"; };
		AF64DDC52A6E4C3500A014D8 /* bell.mp3 */ = {isa = PBXFileReference; lastKnownFileType = audio.mp3; path = bell.mp3; sourceTree = "<group>"; };
		AF64DDCC2A6E759D00A014D8 /* muyu.mp3 */ = {isa = PBXFileReference; lastKnownFileType = audio.mp3; path = muyu.mp3; sourceTree = "<group>"; };
/* End PBXFileReference section */

/* Begin PBXFrameworksBuildPhase section */
		AF64DDAA2A6D34CD00A014D8 /* Frameworks */ = {
			isa = PBXFrameworksBuildPhase;
			buildActionMask = 2147483647;
			files = (
			);
			runOnlyForDeploymentPostprocessing = 0;
		};
/* End PBXFrameworksBuildPhase section */

/* Begin PBXGroup section */
		AF64DDA42A6D34CD00A014D8 = {
			isa = PBXGroup;
			children = (
				AF64DDAF2A6D34CD00A014D8 /* White Noise */,
				AF64DDAE2A6D34CD00A014D8 /* Products */,
			);
			sourceTree = "<group>";
		};
		AF64DDAE2A6D34CD00A014D8 /* Products */ = {
			isa = PBXGroup;
			children = (
				AF64DDAD2A6D34CD00A014D8 /* White Noise.app */,
			);
			name = Products;
			sourceTree = "<group>";
		};
		AF64DDAF2A6D34CD00A014D8 /* White Noise */ = {
			isa = PBXGroup;
			children = (
				AF64DDB02A6D34CD00A014D8 /* AppDelegate.swift */,
				AF64DDB22A6D34CD00A014D8 /* SceneDelegate.swift */,
				AF64DDB42A6D34CD00A014D8 /* ViewController.swift */,
				AF64DDB62A6D34CD00A014D8 /* Main.storyboard */,
				AF64DDB92A6D34CF00A014D8 /* Assets.xcassets */,
				AF64DDBB2A6D34CF00A014D8 /* LaunchScreen.storyboard */,
				AF64DDBE2A6D34CF00A014D8 /* Info.plist */,
				AF64DDC52A6E4C3500A014D8 /* bell.mp3 */,
				AF64DDCC2A6E759D00A014D8 /* muyu.mp3 */,
			);
			path = "White Noise";
			sourceTree = "<group>";
		};
/* End PBXGroup section */

/* Begin PBXNativeTarget section */
		AF64DDAC2A6D34CD00A014D8 /* White Noise */ = {
			isa = PBXNativeTarget;
			buildConfigurationList = AF64DDC12A6D34CF00A014D8 /* Build configuration list for PBXNativeTarget "White Noise" */;
			buildPhases = (
				AF64DDA92A6D34CD00A014D8 /* Sources */,
				AF64DDAA2A6D34CD00A014D8 /* Frameworks */,
				AF64DDAB2A6D34CD00A014D8 /* Resources */,
			);
			buildRules = (
			);
			dependencies = (
			);
			name = "White Noise";
			productName = "White Noise";
			productReference = AF64DDAD2A6D34CD00A014D8 /* White Noise.app */;
			productType = "com.apple.product-type.application";
		};
/* End PBXNativeTarget section */

/* Begin PBXProject section */
		AF64DDA52A6D34CD00A014D8 /* Project object */ = {
			isa = PBXProject;
			attributes = {
				BuildIndependentTargetsInParallel = 1;
				LastSwiftUpdateCheck = 1430;
				LastUpgradeCheck = 1430;
				TargetAttributes = {
					AF64DDAC2A6D34CD00A014D8 = {
						CreatedOnToolsVersion = 14.3.1;
					};
				};
			};
			buildConfigurationList = AF64DDA82A6D34CD00A014D8 /* Build configuration list for PBXProject "White Noise" */;
			compatibilityVersion = "Xcode 14.0";
			developmentRegion = en;
			hasScannedForEncodings = 0;
			knownRegions = (
				en,
				Base,
			);
			mainGroup = AF64DDA42A6D34CD00A014D8;
			productRefGroup = AF64DDAE2A6D34CD00A014D8 /* Products */;
			projectDirPath = "";
			projectRoot = "";
			targets = (
				AF64DDAC2A6D34CD00A014D8 /* White Noise */,
			);
		};
/* End PBXProject section */

/* Begin PBXResourcesBuildPhase section */
		AF64DDAB2A6D34CD00A014D8 /* Resources */ = {
			isa = PBXResourcesBuildPhase;
			buildActionMask = 2147483647;
			files = (
				AF64DDCD2A6E759D00A014D8 /* muyu.mp3 in Resources */,
				AF64DDBD2A6D34CF00A014D8 /* LaunchScreen.storyboard in Resources */,
				AF64DDC72A6E4C3500A014D8 /* bell.mp3 in Resources */,
				AF64DDBA2A6D34CF00A014D8 /* Assets.xcassets in Resources */,
				AF64DDB82A6D34CD00A014D8 /* Main.storyboard in Resources */,
			);
			runOnlyForDeploymentPostprocessing = 0;
		};
/* End PBXResourcesBuildPhase section */

/* Begin PBXSourcesBuildPhase section */
		AF64DDA92A6D34CD00A014D8 /* Sources */ = {
			isa = PBXSourcesBuildPhase;
			buildActionMask = 2147483647;
			files = (
				AF64DDB52A6D34CD00A014D8 /* ViewController.swift in Sources */,
				AF64DDB12A6D34CD00A014D8 /* AppDelegate.swift in Sources */,
				AF64DDB32A6D34CD00A014D8 /* SceneDelegate.swift in Sources */,
			);
			runOnlyForDeploymentPostprocessing = 0;
		};
/* End PBXSourcesBuildPhase section */

/* Begin PBXVariantGroup section */
		AF64DDB62A6D34CD00A014D8 /* Main.storyboard */ = {
			isa = PBXVariantGroup;
			children = (
				AF64DDB72A6D34CD00A014D8 /* Base */,
			);
			name = Main.storyboard;
			sourceTree = "<group>";
		};
		AF64DDBB2A6D34CF00A014D8 /* LaunchScreen.storyboard */ = {
			isa = PBXVariantGroup;
			children = (
				AF64DDBC2A6D34CF00A014D8 /* Base */,
			);
			name = LaunchScreen.storyboard;
			sourceTree = "<group>";
		};
/* End PBXVariantGroup section */

/* Begin XCBuildConfiguration section */
		AF64DDBF2A6D34CF00A014D8 /* Debug */ = {
			isa = XCBuildConfiguration;
			buildSettings = {
				ALWAYS_SEARCH_USER_PATHS = NO;
				CLANG_ANALYZER_NONNULL = YES;
				CLANG_ANALYZER_NUMBER_OBJECT_CONVERSION = YES_AGGRESSIVE;
				CLANG_CXX_LANGUAGE_STANDARD = "gnu++20";
				CLANG_ENABLE_MODULES = YES;
				CLANG_ENABLE_OBJC_ARC = YES;
				CLANG_ENABLE_OBJC_WEAK = YES;
				CLANG_WARN_BLOCK_CAPTURE_AUTORELEASING = YES;
				CLANG_WARN_BOOL_CONVERSION = YES;
				CLANG_WARN_COMMA = YES;
				CLANG_WARN_CONSTANT_CONVERSION = YES;
				CLANG_WARN_DEPRECATED_OBJC_IMPLEMENTATIONS = YES;
				CLANG_WARN_DIRECT_OBJC_ISA_USAGE = YES_ERROR;
				CLANG_WARN_DOCUMENTATION_COMMENTS = YES;
				CLANG_WARN_EMPTY_BODY = YES;
				CLANG_WARN_ENUM_CONVERSION = YES;
				CLANG_WARN_INFINITE_RECURSION = YES;
				CLANG_WARN_INT_CONVERSION = YES;
				CLANG_WARN_NON_LITERAL_NULL_CONVERSION = YES;
				CLANG_WARN_OBJC_IMPLICIT_RETAIN_SELF = YES;
				CLANG_WARN_OBJC_LITERAL_CONVERSION = YES;
				CLANG_WARN_OBJC_ROOT_CLASS = YES_ERROR;
				CLANG_WARN_QUOTED_INCLUDE_IN_FRAMEWORK_HEADER = YES;
				CLANG_WARN_RANGE_LOOP_ANALYSIS = YES;
				CLANG_WARN_STRICT_PROTOTYPES = YES;
				CLANG_WARN_SUSPICIOUS_MOVE = YES;
				CLANG_WARN_UNGUARDED_AVAILABILITY = YES_AGGRESSIVE;
				CLANG_WARN_UNREACHABLE_CODE = YES;
				CLANG_WARN__DUPLICATE_METHOD_MATCH = YES;
				COPY_PHASE_STRIP = NO;
				DEBUG_INFORMATION_FORMAT = dwarf;
				ENABLE_STRICT_OBJC_MSGSEND = YES;
				ENABLE_TESTABILITY = YES;
				GCC_C_LANGUAGE_STANDARD = gnu11;
				GCC_DYNAMIC_NO_PIC = NO;
				GCC_NO_COMMON_BLOCKS = YES;
				GCC_OPTIMIZATION_LEVEL = 0;
				GCC_PREPROCESSOR_DEFINITIONS = (
					"DEBUG=1",
					"$(inherited)",
				);
				GCC_WARN_64_TO_32_BIT_CONVERSION = YES;
				GCC_WARN_ABOUT_RETURN_TYPE = YES_ERROR;
				GCC_WARN_UNDECLARED_SELECTOR = YES;
				GCC_WARN_UNINITIALIZED_AUTOS = YES_AGGRESSIVE;
				GCC_WARN_UNUSED_FUNCTION = YES;
				GCC_WARN_UNUSED_VARIABLE = YES;
				IPHONEOS_DEPLOYMENT_TARGET = 16.4;
				MTL_ENABLE_DEBUG_INFO = INCLUDE_SOURCE;
				MTL_FAST_MATH = YES;
				ONLY_ACTIVE_ARCH = YES;
				SDKROOT = iphoneos;
				SWIFT_ACTIVE_COMPILATION_CONDITIONS = DEBUG;
				SWIFT_OPTIMIZATION_LEVEL = "-Onone";
			};
			name = Debug;
		};
		AF64DDC02A6D34CF00A014D8 /* Release */ = {
			isa = XCBuildConfiguration;
			buildSettings = {
				ALWAYS_SEARCH_USER_PATHS = NO;
				CLANG_ANALYZER_NONNULL = YES;
				CLANG_ANALYZER_NUMBER_OBJECT_CONVERSION = YES_AGGRESSIVE;
				CLANG_CXX_LANGUAGE_STANDARD = "gnu++20";
				CLANG_ENABLE_MODULES = YES;
				CLANG_ENABLE_OBJC_ARC = YES;
				CLANG_ENABLE_OBJC_WEAK = YES;
				CLANG_WARN_BLOCK_CAPTURE_AUTORELEASING = YES;
				CLANG_WARN_BOOL_CONVERSION = YES;
				CLANG_WARN_COMMA = YES;
				CLANG_WARN_CONSTANT_CONVERSION = YES;
				CLANG_WARN_DEPRECATED_OBJC_IMPLEMENTATIONS = YES;
				CLANG_WARN_DIRECT_OBJC_ISA_USAGE = YES_ERROR;
				CLANG_WARN_DOCUMENTATION_COMMENTS = YES;
				CLANG_WARN_EMPTY_BODY = YES;
				CLANG_WARN_ENUM_CONVERSION = YES;
				CLANG_WARN_INFINITE_RECURSION = YES;
				CLANG_WARN_INT_CONVERSION = YES;
				CLANG_WARN_NON_LITERAL_NULL_CONVERSION = YES;
				CLANG_WARN_OBJC_IMPLICIT_RETAIN_SELF = YES;
				CLANG_WARN_OBJC_LITERAL_CONVERSION = YES;
				CLANG_WARN_OBJC_ROOT_CLASS = YES_ERROR;
				CLANG_WARN_QUOTED_INCLUDE_IN_FRAMEWORK_HEADER = YES;
				CLANG_WARN_RANGE_LOOP_ANALYSIS = YES;
				CLANG_WARN_STRICT_PROTOTYPES = YES;
				CLANG_WARN_SUSPICIOUS_MOVE = YES;
				CLANG_WARN_UNGUARDED_AVAILABILITY = YES_AGGRESSIVE;
				CLANG_WARN_UNREACHABLE_CODE = YES;
				CLANG_WARN__DUPLICATE_METHOD_MATCH = YES;
				COPY_PHASE_STRIP = NO;
				DEBUG_INFORMATION_FORMAT = "dwarf-with-dsym";
				ENABLE_NS_ASSERTIONS = NO;
				ENABLE_STRICT_OBJC_MSGSEND = YES;
				GCC_C_LANGUAGE_STANDARD = gnu11;
				GCC_NO_COMMON_BLOCKS = YES;
				GCC_WARN_64_TO_32_BIT_CONVERSION = YES;
				GCC_WARN_ABOUT_RETURN_TYPE = YES_ERROR;
				GCC_WARN_UNDECLARED_SELECTOR = YES;
				GCC_WARN_UNINITIALIZED_AUTOS = YES_AGGRESSIVE;
				GCC_WARN_UNUSED_FUNCTION = YES;
				GCC_WARN_UNUSED_VARIABLE = YES;
				IPHONEOS_DEPLOYMENT_TARGET = 16.4;
				MTL_ENABLE_DEBUG_INFO = NO;
				MTL_FAST_MATH = YES;
				SDKROOT = iphoneos;
				SWIFT_COMPILATION_MODE = wholemodule;
				SWIFT_OPTIMIZATION_LEVEL = "-O";
				VALIDATE_PRODUCT = YES;
			};
			name = Release;
		};
		AF64DDC22A6D34CF00A014D8 /* Debug */ = {
			isa = XCBuildConfiguration;
			buildSettings = {
				ASSETCATALOG_COMPILER_APPICON_NAME = AppIcon;
				ASSETCATALOG_COMPILER_GLOBAL_ACCENT_COLOR_NAME = AccentColor;
				CODE_SIGN_STYLE = Automatic;
				CURRENT_PROJECT_VERSION = 1;
				DEVELOPMENT_TEAM = 7WM9U7Y583;
				GENERATE_INFOPLIST_FILE = YES;
				INFOPLIST_FILE = "White Noise/Info.plist";
				INFOPLIST_KEY_UIApplicationSupportsIndirectInputEvents = YES;
				INFOPLIST_KEY_UILaunchStoryboardName = LaunchScreen;
				INFOPLIST_KEY_UIMainStoryboardFile = Main;
				INFOPLIST_KEY_UISupportedInterfaceOrientations_iPad = "UIInterfaceOrientationPortrait UIInterfaceOrientationPortraitUpsideDown UIInterfaceOrientationLandscapeLeft UIInterfaceOrientationLandscapeRight";
				INFOPLIST_KEY_UISupportedInterfaceOrientations_iPhone = "UIInterfaceOrientationPortrait UIInterfaceOrientationLandscapeLeft UIInterfaceOrientationLandscapeRight";
				LD_RUNPATH_SEARCH_PATHS = (
					"$(inherited)",
					"@executable_path/Frameworks",
				);
				MARKETING_VERSION = 1.0;
				PRODUCT_BUNDLE_IDENTIFIER = "pei.White-Noise";
				PRODUCT_NAME = "$(TARGET_NAME)";
				SWIFT_EMIT_LOC_STRINGS = YES;
				SWIFT_VERSION = 5.0;
				TARGETED_DEVICE_FAMILY = "1,2";
			};
			name = Debug;
		};
		AF64DDC32A6D34CF00A014D8 /* Release */ = {
			isa = XCBuildConfiguration;
			buildSettings = {
				ASSETCATALOG_COMPILER_APPICON_NAME = AppIcon;
				ASSETCATALOG_COMPILER_GLOBAL_ACCENT_COLOR_NAME = AccentColor;
				CODE_SIGN_STYLE = Automatic;
				CURRENT_PROJECT_VERSION = 1;
				DEVELOPMENT_TEAM = 7WM9U7Y583;
				GENERATE_INFOPLIST_FILE = YES;
				INFOPLIST_FILE = "White Noise/Info.plist";
				INFOPLIST_KEY_UIApplicationSupportsIndirectInputEvents = YES;
				INFOPLIST_KEY_UILaunchStoryboardName = LaunchScreen;
				INFOPLIST_KEY_UIMainStoryboardFile = Main;
				INFOPLIST_KEY_UISupportedInterfaceOrientations_iPad = "UIInterfaceOrientationPortrait UIInterfaceOrientationPortraitUpsideDown UIInterfaceOrientationLandscapeLeft UIInterfaceOrientationLandscapeRight";
				INFOPLIST_KEY_UISupportedInterfaceOrientations_iPhone = "UIInterfaceOrientationPortrait UIInterfaceOrientationLandscapeLeft UIInterfaceOrientationLandscapeRight";
				LD_RUNPATH_SEARCH_PATHS = (
					"$(inherited)",
					"@executable_path/Frameworks",
				);
				MARKETING_VERSION = 1.0;
				PRODUCT_BUNDLE_IDENTIFIER = "pei.White-Noise";
				PRODUCT_NAME = "$(TARGET_NAME)";
				SWIFT_EMIT_LOC_STRINGS = YES;
				SWIFT_VERSION = 5.0;
				TARGETED_DEVICE_FAMILY = "1,2";
			};
			name = Release;
		};
/* End XCBuildConfiguration section */

/* Begin XCConfigurationList section */
		AF64DDA82A6D34CD00A014D8 /* Build configuration list for PBXProject "White Noise" */ = {
			isa = XCConfigurationList;
			buildConfigurations = (
				AF64DDBF2A6D34CF00A014D8 /* Debug */,
				AF64DDC02A6D34CF00A014D8 /* Release */,
			);
			defaultConfigurationIsVisible = 0;
			defaultConfigurationName = Release;
		};
		AF64DDC12A6D34CF00A014D8 /* Build configuration list for PBXNativeTarget "White Noise" */ = {
			isa = XCConfigurationList;
			buildConfigurations = (
				AF64DDC22A6D34CF00A014D8 /* Debug */,
				AF64DDC32A6D34CF00A014D8 /* Release */,
			);
			defaultConfigurationIsVisible = 0;
			defaultConfigurationName = Release;
		};
/* End XCConfigurationList section */
	};
	rootObject = AF64DDA52A6D34CD00A014D8 /* Project object */;
}
